
Microsoft Visual Studio Solution File, Format Version 12.00
# Visual Studio Version 17
VisualStudioVersion = 17.14.36301.6
MinimumVisualStudioVersion = 10.0.40219.1
Project("{FAE04EC0-301F-11D3-BF4B-00C04F79EFBC}") = "NZWalks.API", "NZWalks.API\NZWalks.API.csproj", "{047DAB27-900D-4CC6-98D6-2E3CD48B3DE7}"
EndProject
Project("{FAE04EC0-301F-11D3-BF4B-00C04F79EFBC}") = "NZWalks.UI", "NZWalks.UI\NZWalks.UI.csproj", "{AC8D25DE-92DE-4F32-AF88-4CBA7F46779C}"
EndProject
Global
	GlobalSection(SolutionConfigurationPlatforms) = preSolution
		Debug|Any CPU = Debug|Any CPU
		Release|Any CPU = Release|Any CPU
	EndGlobalSection
	GlobalSection(ProjectConfigurationPlatforms) = postSolution
		{047DAB27-900D-4CC6-98D6-2E3CD48B3DE7}.Debug|Any CPU.ActiveCfg = Debug|Any CPU
		{047DAB27-900D-4CC6-98D6-2E3CD48B3DE7}.Debug|Any CPU.Build.0 = Debug|Any CPU
		{047DAB27-900D-4CC6-98D6-2E3CD48B3DE7}.Release|Any CPU.ActiveCfg = Release|Any CPU
		{047DAB27-900D-4CC6-98D6-2E3CD48B3DE7}.Release|Any CPU.Build.0 = Release|Any CPU
		{AC8D25DE-92DE-4F32-AF88-4CBA7F46779C}.Debug|Any CPU.ActiveCfg = Debug|Any CPU
		{AC8D25DE-92DE-4F32-AF88-4CBA7F46779C}.Debug|Any CPU.Build.0 = Debug|Any CPU
		{AC8D25DE-92DE-4F32-AF88-4CBA7F46779C}.Release|Any CPU.ActiveCfg = Release|Any CPU
		{AC8D25DE-92DE-4F32-AF88-4CBA7F46779C}.Release|Any CPU.Build.0 = Release|Any CPU
	EndGlobalSection
	GlobalSection(SolutionProperties) = preSolution
		HideSolutionNode = FALSE
	EndGlobalSection
	GlobalSection(ExtensibilityGlobals) = postSolution
		SolutionGuid = {FD3CDAEB-F6D8-4934-B174-F60F32DB8336}
	EndGlobalSection
EndGlobal
